
Microsoft Visual Studio Solution File, Format Version 12.00
# Visual Studio Version 17
VisualStudioVersion = 17.4.33110.190
MinimumVisualStudioVersion = 10.0.40219.1
Project("{FAE04EC0-301F-11D3-BF4B-00C04F79EFBC}") = "Explorer", "Explorer.csproj", "{9CD337F8-8F4D-47C8-9E1F-F47B4CDE4A79}"
EndProject
Global
	GlobalSection(SolutionConfigurationPlatforms) = preSolution
		Debug|Any CPU = Debug|Any CPU
		Release|Any CPU = Release|Any CPU
	EndGlobalSection
	GlobalSection(ProjectConfigurationPlatforms) = postSolution
		{9CD337F8-8F4D-47C8-9E1F-F47B4CDE4A79}.Debug|Any CPU.ActiveCfg = Debug|Any CPU
		{9CD337F8-8F4D-47C8-9E1F-F47B4CDE4A79}.Debug|Any CPU.Build.0 = Debug|Any CPU
		{9CD337F8-8F4D-47C8-9E1F-F47B4CDE4A79}.Release|Any CPU.ActiveCfg = Release|Any CPU
		{9CD337F8-8F4D-47C8-9E1F-F47B4CDE4A79}.Release|Any CPU.Build.0 = Release|Any CPU
	EndGlobalSection
	GlobalSection(SolutionProperties) = preSolution
		HideSolutionNode = FALSE
	EndGlobalSection
	GlobalSection(ExtensibilityGlobals) = postSolution
		SolutionGuid = {425ED621-EB47-44F9-9D74-B1644FAF5E3B}
	EndGlobalSection
EndGlobal
